
Microsoft Visual Studio Solution File, Format Version 12.00
# Visual Studio Version 17
VisualStudioVersion = 17.1.32407.343
MinimumVisualStudioVersion = 10.0.40219.1
Project("{FAE04EC0-301F-11D3-BF4B-00C04F79EFBC}") = "KYH-ExtraUppgifter", "KYH-ExtraUppgifter\KYH-ExtraUppgifter.csproj", "{8B13C93C-C1EF-43D3-B888-4E3691CDD49A}"
EndProject
Global
	GlobalSection(SolutionConfigurationPlatforms) = preSolution
		Debug|Any CPU = Debug|Any CPU
		Release|Any CPU = Release|Any CPU
	EndGlobalSection
	GlobalSection(ProjectConfigurationPlatforms) = postSolution
		{8B13C93C-C1EF-43D3-B888-4E3691CDD49A}.Debug|Any CPU.ActiveCfg = Debug|Any CPU
		{8B13C93C-C1EF-43D3-B888-4E3691CDD49A}.Debug|Any CPU.Build.0 = Debug|Any CPU
		{8B13C93C-C1EF-43D3-B888-4E3691CDD49A}.Release|Any CPU.ActiveCfg = Release|Any CPU
		{8B13C93C-C1EF-43D3-B888-4E3691CDD49A}.Release|Any CPU.Build.0 = Release|Any CPU
	EndGlobalSection
	GlobalSection(SolutionProperties) = preSolution
		HideSolutionNode = FALSE
	EndGlobalSection
	GlobalSection(ExtensibilityGlobals) = postSolution
		SolutionGuid = {5F0C3066-12E5-41A8-BF1A-8EAD6BA8D5CA}
	EndGlobalSection
EndGlobal
